
Microsoft Visual Studio Solution File, Format Version 12.00
# Visual Studio 2013
VisualStudioVersion = 12.0.30110.0
MinimumVisualStudioVersion = 10.0.40219.1
Project("{FAE04EC0-301F-11D3-BF4B-00C04F79EFBC}") = "iTunesSearch.Library", "iTunesSearch.Library\iTunesSearch.Library.csproj", "{AC4A8BB6-4D2D-4B91-92C4-6160880D4517}"
EndProject
Project("{FAE04EC0-301F-11D3-BF4B-00C04F79EFBC}") = "iTunesSearch.Library.Tests", "iTunesSearch.Library.Tests\iTunesSearch.Library.Tests.csproj", "{08D3ED90-C6EA-49C7-9697-338A5043543E}"
EndProject
Global
	GlobalSection(SolutionConfigurationPlatforms) = preSolution
		Debug|Any CPU = Debug|Any CPU
		Release|Any CPU = Release|Any CPU
	EndGlobalSection
	GlobalSection(ProjectConfigurationPlatforms) = postSolution
		{AC4A8BB6-4D2D-4B91-92C4-6160880D4517}.Debug|Any CPU.ActiveCfg = Debug|Any CPU
		{AC4A8BB6-4D2D-4B91-92C4-6160880D4517}.Debug|Any CPU.Build.0 = Debug|Any CPU
		{AC4A8BB6-4D2D-4B91-92C4-6160880D4517}.Release|Any CPU.ActiveCfg = Release|Any CPU
		{AC4A8BB6-4D2D-4B91-92C4-6160880D4517}.Release|Any CPU.Build.0 = Release|Any CPU
		{08D3ED90-C6EA-49C7-9697-338A5043543E}.Debug|Any CPU.ActiveCfg = Debug|Any CPU
		{08D3ED90-C6EA-49C7-9697-338A5043543E}.Debug|Any CPU.Build.0 = Debug|Any CPU
		{08D3ED90-C6EA-49C7-9697-338A5043543E}.Release|Any CPU.ActiveCfg = Release|Any CPU
		{08D3ED90-C6EA-49C7-9697-338A5043543E}.Release|Any CPU.Build.0 = Release|Any CPU
	EndGlobalSection
	GlobalSection(SolutionProperties) = preSolution
		HideSolutionNode = FALSE
	EndGlobalSection
EndGlobal
